
Microsoft Visual Studio Solution File, Format Version 12.00
# Visual Studio Version 17
VisualStudioVersion = 17.2.32616.157
MinimumVisualStudioVersion = 10.0.40219.1
Project("{FAE04EC0-301F-11D3-BF4B-00C04F79EFBC}") = "Week6FS", "Week6FS\Week6FS.csproj", "{F1C9DF84-A459-4C91-80DE-C0BC9DD209CD}"
EndProject
Global
	GlobalSection(SolutionConfigurationPlatforms) = preSolution
		Debug|Any CPU = Debug|Any CPU
		Release|Any CPU = Release|Any CPU
	EndGlobalSection
	GlobalSection(ProjectConfigurationPlatforms) = postSolution
		{F1C9DF84-A459-4C91-80DE-C0BC9DD209CD}.Debug|Any CPU.ActiveCfg = Debug|Any CPU
		{F1C9DF84-A459-4C91-80DE-C0BC9DD209CD}.Debug|Any CPU.Build.0 = Debug|Any CPU
		{F1C9DF84-A459-4C91-80DE-C0BC9DD209CD}.Release|Any CPU.ActiveCfg = Release|Any CPU
		{F1C9DF84-A459-4C91-80DE-C0BC9DD209CD}.Release|Any CPU.Build.0 = Release|Any CPU
	EndGlobalSection
	GlobalSection(SolutionProperties) = preSolution
		HideSolutionNode = FALSE
	EndGlobalSection
	GlobalSection(ExtensibilityGlobals) = postSolution
		SolutionGuid = {FDCD680C-5773-43A6-97E8-CA2AD521D6AE}
	EndGlobalSection
EndGlobal
